
Microsoft Visual Studio Solution File, Format Version 12.00
# Visual Studio Version 16
VisualStudioVersion = 16.0.31019.35
MinimumVisualStudioVersion = 10.0.40219.1
Project("{FAE04EC0-301F-11D3-BF4B-00C04F79EFBC}") = "CookieClicker.UWP", "CookieClicker\CookieClicker.UWP\CookieClicker.UWP.csproj", "{8344D10C-BB45-4633-BB38-8C0E329698C4}"
EndProject
Project("{FAE04EC0-301F-11D3-BF4B-00C04F79EFBC}") = "CookieClicker.Android", "CookieClicker\CookieClicker.Android\CookieClicker.Android.csproj", "{239DD13A-68A5-4041-B786-6304D0BD0F3F}"
EndProject
Project("{FAE04EC0-301F-11D3-BF4B-00C04F79EFBC}") = "CookieClicker.iOS", "CookieClicker\CookieClicker.iOS\CookieClicker.iOS.csproj", "{A1B13B59-2E45-48B4-99E6-67F0AA327D5D}"
EndProject
Project("{9A19103F-16F7-4668-BE54-9A1E7A4F7556}") = "CookieClicker", "CookieClicker\CookieClicker\CookieClicker.csproj", "{6E8B858D-50D5-4A28-AB27-A2258D886006}"
EndProject
Project("{9A19103F-16F7-4668-BE54-9A1E7A4F7556}") = "ControllerForCookieClicker", "ControllerForCookieClicker\ControllerForCookieClicker.csproj", "{D5A87CD0-4728-4DF9-BF2B-970B3312CB9D}"
EndProject
Project("{9A19103F-16F7-4668-BE54-9A1E7A4F7556}") = "CookieClickerAdmin.WPF", "CookieClickerAdmin.WPF\CookieClickerAdmin.WPF.csproj", "{4AF2D5C2-0AD3-49D3-881E-5BC7FA004E09}"
EndProject
Project("{FAE04EC0-301F-11D3-BF4B-00C04F79EFBC}") = "CookieClicker.ClassLibrary", "CookieClicker.ClassLibrary\CookieClicker.ClassLibrary.csproj", "{DC1ED725-EEE0-41DA-B8F1-67B3F8EB493C}"
EndProject
Global
	GlobalSection(SolutionConfigurationPlatforms) = preSolution
		Debug|Any CPU = Debug|Any CPU
		Debug|ARM = Debug|ARM
		Debug|iPhone = Debug|iPhone
		Debug|iPhoneSimulator = Debug|iPhoneSimulator
		Debug|x64 = Debug|x64
		Debug|x86 = Debug|x86
		Release|Any CPU = Release|Any CPU
		Release|ARM = Release|ARM
		Release|iPhone = Release|iPhone
		Release|iPhoneSimulator = Release|iPhoneSimulator
		Release|x64 = Release|x64
		Release|x86 = Release|x86
	EndGlobalSection
	GlobalSection(ProjectConfigurationPlatforms) = postSolution
		{8344D10C-BB45-4633-BB38-8C0E329698C4}.Debug|Any CPU.ActiveCfg = Debug|x86
		{8344D10C-BB45-4633-BB38-8C0E329698C4}.Debug|Any CPU.Build.0 = Debug|x86
		{8344D10C-BB45-4633-BB38-8C0E329698C4}.Debug|Any CPU.Deploy.0 = Debug|x86
		{8344D10C-BB45-4633-BB38-8C0E329698C4}.Debug|ARM.ActiveCfg = Debug|ARM
		{8344D10C-BB45-4633-BB38-8C0E329698C4}.Debug|ARM.Build.0 = Debug|ARM
		{8344D10C-BB45-4633-BB38-8C0E329698C4}.Debug|ARM.Deploy.0 = Debug|ARM
		{8344D10C-BB45-4633-BB38-8C0E329698C4}.Debug|iPhone.ActiveCfg = Debug|x86
		{8344D10C-BB45-4633-BB38-8C0E329698C4}.Debug|iPhone.Build.0 = Debug|x86
		{8344D10C-BB45-4633-BB38-8C0E329698C4}.Debug|iPhone.Deploy.0 = Debug|x86
		{8344D10C-BB45-4633-BB38-8C0E329698C4}.Debug|iPhoneSimulator.ActiveCfg = Debug|x86
		{8344D10C-BB45-4633-BB38-8C0E329698C4}.Debug|iPhoneSimulator.Build.0 = Debug|x86
		{8344D10C-BB45-4633-BB38-8C0E329698C4}.Debug|iPhoneSimulator.Deploy.0 = Debug|x86
		{8344D10C-BB45-4633-BB38-8C0E329698C4}.Debug|x64.ActiveCfg = Debug|x64
		{8344D10C-BB45-4633-BB38-8C0E329698C4}.Debug|x64.Build.0 = Debug|x64
		{8344D10C-BB45-4633-BB38-8C0E329698C4}.Debug|x64.Deploy.0 = Debug|x64
		{8344D10C-BB45-4633-BB38-8C0E329698C4}.Debug|x86.ActiveCfg = Debug|x86
		{8344D10C-BB45-4633-BB38-8C0E329698C4}.Debug|x86.Build.0 = Debug|x86
		{8344D10C-BB45-4633-BB38-8C0E329698C4}.Debug|x86.Deploy.0 = Debug|x86
		{8344D10C-BB45-4633-BB38-8C0E329698C4}.Release|Any CPU.ActiveCfg = Release|x86
		{8344D10C-BB45-4633-BB38-8C0E329698C4}.Release|Any CPU.Build.0 = Release|x86
		{8344D10C-BB45-4633-BB38-8C0E329698C4}.Release|Any CPU.Deploy.0 = Release|x86
		{8344D10C-BB45-4633-BB38-8C0E329698C4}.Release|ARM.ActiveCfg = Release|ARM
		{8344D10C-BB45-4633-BB38-8C0E329698C4}.Release|ARM.Build.0 = Release|ARM
		{8344D10C-BB45-4633-BB38-8C0E329698C4}.Release|ARM.Deploy.0 = Release|ARM
		{8344D10C-BB45-4633-BB38-8C0E329698C4}.Release|iPhone.ActiveCfg = Release|x86
		{8344D10C-BB45-4633-BB38-8C0E329698C4}.Release|iPhone.Build.0 = Release|x86
		{8344D10C-BB45-4633-BB38-8C0E329698C4}.Release|iPhone.Deploy.0 = Release|x86
		{8344D10C-BB45-4633-BB38-8C0E329698C4}.Release|iPhoneSimulator.ActiveCfg = Release|x86
		{8344D10C-BB45-4633-BB38-8C0E329698C4}.Release|iPhoneSimulator.Build.0 = Release|x86
		{8344D10C-BB45-4633-BB38-8C0E329698C4}.Release|iPhoneSimulator.Deploy.0 = Release|x86
		{8344D10C-BB45-4633-BB38-8C0E329698C4}.Release|x64.ActiveCfg = Release|x64
		{8344D10C-BB45-4633-BB38-8C0E329698C4}.Release|x64.Build.0 = Release|x64
		{8344D10C-BB45-4633-BB38-8C0E329698C4}.Release|x64.Deploy.0 = Release|x64
		{8344D10C-BB45-4633-BB38-8C0E329698C4}.Release|x86.ActiveCfg = Release|x86
		{8344D10C-BB45-4633-BB38-8C0E329698C4}.Release|x86.Build.0 = Release|x86
		{8344D10C-BB45-4633-BB38-8C0E329698C4}.Release|x86.Deploy.0 = Release|x86
		{239DD13A-68A5-4041-B786-6304D0BD0F3F}.Debug|Any CPU.ActiveCfg = Debug|Any CPU
		{239DD13A-68A5-4041-B786-6304D0BD0F3F}.Debug|Any CPU.Build.0 = Debug|Any CPU
		{239DD13A-68A5-4041-B786-6304D0BD0F3F}.Debug|Any CPU.Deploy.0 = Debug|Any CPU
		{239DD13A-68A5-4041-B786-6304D0BD0F3F}.Debug|ARM.ActiveCfg = Debug|Any CPU
		{239DD13A-68A5-4041-B786-6304D0BD0F3F}.Debug|ARM.Build.0 = Debug|Any CPU
		{239DD13A-68A5-4041-B786-6304D0BD0F3F}.Debug|ARM.Deploy.0 = Debug|Any CPU
		{239DD13A-68A5-4041-B786-6304D0BD0F3F}.Debug|iPhone.ActiveCfg = Debug|Any CPU
		{239DD13A-68A5-4041-B786-6304D0BD0F3F}.Debug|iPhone.Build.0 = Debug|Any CPU
		{239DD13A-68A5-4041-B786-6304D0BD0F3F}.Debug|iPhone.Deploy.0 = Debug|Any CPU
		{239DD13A-68A5-4041-B786-6304D0BD0F3F}.Debug|iPhoneSimulator.ActiveCfg = Debug|Any CPU
		{239DD13A-68A5-4041-B786-6304D0BD0F3F}.Debug|iPhoneSimulator.Build.0 = Debug|Any CPU
		{239DD13A-68A5-4041-B786-6304D0BD0F3F}.Debug|iPhoneSimulator.Deploy.0 = Debug|Any CPU
		{239DD13A-68A5-4041-B786-6304D0BD0F3F}.Debug|x64.ActiveCfg = Debug|Any CPU
		{239DD13A-68A5-4041-B786-6304D0BD0F3F}.Debug|x64.Build.0 = Debug|Any CPU
		{239DD13A-68A5-4041-B786-6304D0BD0F3F}.Debug|x64.Deploy.0 = Debug|Any CPU
		{239DD13A-68A5-4041-B786-6304D0BD0F3F}.Debug|x86.ActiveCfg = Debug|Any CPU
		{239DD13A-68A5-4041-B786-6304D0BD0F3F}.Debug|x86.Build.0 = Debug|Any CPU
		{239DD13A-68A5-4041-B786-6304D0BD0F3F}.Debug|x86.Deploy.0 = Debug|Any CPU
		{239DD13A-68A5-4041-B786-6304D0BD0F3F}.Release|Any CPU.ActiveCfg = Release|Any CPU
		{239DD13A-68A5-4041-B786-6304D0BD0F3F}.Release|Any CPU.Build.0 = Release|Any CPU
		{239DD13A-68A5-4041-B786-6304D0BD0F3F}.Release|Any CPU.Deploy.0 = Release|Any CPU
		{239DD13A-68A5-4041-B786-6304D0BD0F3F}.Release|ARM.ActiveCfg = Release|Any CPU
		{239DD13A-68A5-4041-B786-6304D0BD0F3F}.Release|ARM.Build.0 = Release|Any CPU
		{239DD13A-68A5-4041-B786-6304D0BD0F3F}.Release|ARM.Deploy.0 = Release|Any CPU
		{239DD13A-68A5-4041-B786-6304D0BD0F3F}.Release|iPhone.ActiveCfg = Release|Any CPU
		{239DD13A-68A5-4041-B786-6304D0BD0F3F}.Release|iPhone.Build.0 = Release|Any CPU
		{239DD13A-68A5-4041-B786-6304D0BD0F3F}.Release|iPhone.Deploy.0 = Release|Any CPU
		{239DD13A-68A5-4041-B786-6304D0BD0F3F}.Release|iPhoneSimulator.ActiveCfg = Release|Any CPU
		{239DD13A-68A5-4041-B786-6304D0BD0F3F}.Release|iPhoneSimulator.Build.0 = Release|Any CPU
		{239DD13A-68A5-4041-B786-6304D0BD0F3F}.Release|iPhoneSimulator.Deploy.0 = Release|Any CPU
		{239DD13A-68A5-4041-B786-6304D0BD0F3F}.Release|x64.ActiveCfg = Release|Any CPU
		{239DD13A-68A5-4041-B786-6304D0BD0F3F}.Release|x64.Build.0 = Release|Any CPU
		{239DD13A-68A5-4041-B786-6304D0BD0F3F}.Release|x64.Deploy.0 = Release|Any CPU
		{239DD13A-68A5-4041-B786-6304D0BD0F3F}.Release|x86.ActiveCfg = Release|Any CPU
		{239DD13A-68A5-4041-B786-6304D0BD0F3F}.Release|x86.Build.0 = Release|Any CPU
		{239DD13A-68A5-4041-B786-6304D0BD0F3F}.Release|x86.Deploy.0 = Release|Any CPU
		{A1B13B59-2E45-48B4-99E6-67F0AA327D5D}.Debug|Any CPU.ActiveCfg = Debug|iPhoneSimulator
		{A1B13B59-2E45-48B4-99E6-67F0AA327D5D}.Debug|Any CPU.Build.0 = Debug|iPhoneSimulator
		{A1B13B59-2E45-48B4-99E6-67F0AA327D5D}.Debug|Any CPU.Deploy.0 = Debug|iPhoneSimulator
		{A1B13B59-2E45-48B4-99E6-67F0AA327D5D}.Debug|ARM.ActiveCfg = Debug|iPhone
		{A1B13B59-2E45-48B4-99E6-67F0AA327D5D}.Debug|ARM.Build.0 = Debug|iPhone
		{A1B13B59-2E45-48B4-99E6-67F0AA327D5D}.Debug|ARM.Deploy.0 = Debug|iPhone
		{A1B13B59-2E45-48B4-99E6-67F0AA327D5D}.Debug|iPhone.ActiveCfg = Debug|iPhone
		{A1B13B59-2E45-48B4-99E6-67F0AA327D5D}.Debug|iPhone.Build.0 = Debug|iPhone
		{A1B13B59-2E45-48B4-99E6-67F0AA327D5D}.Debug|iPhone.Deploy.0 = Debug|iPhone
		{A1B13B59-2E45-48B4-99E6-67F0AA327D5D}.Debug|iPhoneSimulator.ActiveCfg = Debug|iPhoneSimulator
		{A1B13B59-2E45-48B4-99E6-67F0AA327D5D}.Debug|iPhoneSimulator.Build.0 = Debug|iPhoneSimulator
		{A1B13B59-2E45-48B4-99E6-67F0AA327D5D}.Debug|iPhoneSimulator.Deploy.0 = Debug|iPhoneSimulator
		{A1B13B59-2E45-48B4-99E6-67F0AA327D5D}.Debug|x64.ActiveCfg = Debug|iPhoneSimulator
		{A1B13B59-2E45-48B4-99E6-67F0AA327D5D}.Debug|x64.Build.0 = Debug|iPhoneSimulator
		{A1B13B59-2E45-48B4-99E6-67F0AA327D5D}.Debug|x64.Deploy.0 = Debug|iPhoneSimulator
		{A1B13B59-2E45-48B4-99E6-67F0AA327D5D}.Debug|x86.ActiveCfg = Debug|iPhoneSimulator
		{A1B13B59-2E45-48B4-99E6-67F0AA327D5D}.Debug|x86.Build.0 = Debug|iPhoneSimulator
		{A1B13B59-2E45-48B4-99E6-67F0AA327D5D}.Debug|x86.Deploy.0 = Debug|iPhoneSimulator
		{A1B13B59-2E45-48B4-99E6-67F0AA327D5D}.Release|Any CPU.ActiveCfg = Release|iPhoneSimulator
		{A1B13B59-2E45-48B4-99E6-67F0AA327D5D}.Release|Any CPU.Build.0 = Release|iPhoneSimulator
		{A1B13B59-2E45-48B4-99E6-67F0AA327D5D}.Release|Any CPU.Deploy.0 = Release|iPhoneSimulator
		{A1B13B59-2E45-48B4-99E6-67F0AA327D5D}.Release|ARM.ActiveCfg = Release|iPhoneSimulator
		{A1B13B59-2E45-48B4-99E6-67F0AA327D5D}.Release|ARM.Build.0 = Release|iPhoneSimulator
		{A1B13B59-2E45-48B4-99E6-67F0AA327D5D}.Release|ARM.Deploy.0 = Release|iPhoneSimulator
		{A1B13B59-2E45-48B4-99E6-67F0AA327D5D}.Release|iPhone.ActiveCfg = Release|iPhone
		{A1B13B59-2E45-48B4-99E6-67F0AA327D5D}.Release|iPhone.Build.0 = Release|iPhone
		{A1B13B59-2E45-48B4-99E6-67F0AA327D5D}.Release|iPhone.Deploy.0 = Release|iPhone
		{A1B13B59-2E45-48B4-99E6-67F0AA327D5D}.Release|iPhoneSimulator.ActiveCfg = Release|iPhoneSimulator
		{A1B13B59-2E45-48B4-99E6-67F0AA327D5D}.Release|iPhoneSimulator.Build.0 = Release|iPhoneSimulator
		{A1B13B59-2E45-48B4-99E6-67F0AA327D5D}.Release|iPhoneSimulator.Deploy.0 = Release|iPhoneSimulator
		{A1B13B59-2E45-48B4-99E6-67F0AA327D5D}.Release|x64.ActiveCfg = Release|iPhoneSimulator
		{A1B13B59-2E45-48B4-99E6-67F0AA327D5D}.Release|x64.Build.0 = Release|iPhoneSimulator
		{A1B13B59-2E45-48B4-99E6-67F0AA327D5D}.Release|x64.Deploy.0 = Release|iPhoneSimulator
		{A1B13B59-2E45-48B4-99E6-67F0AA327D5D}.Release|x86.ActiveCfg = Release|iPhoneSimulator
		{A1B13B59-2E45-48B4-99E6-67F0AA327D5D}.Release|x86.Build.0 = Release|iPhoneSimulator
		{A1B13B59-2E45-48B4-99E6-67F0AA327D5D}.Release|x86.Deploy.0 = Release|iPhoneSimulator
		{6E8B858D-50D5-4A28-AB27-A2258D886006}.Debug|Any CPU.ActiveCfg = Debug|Any CPU
		{6E8B858D-50D5-4A28-AB27-A2258D886006}.Debug|Any CPU.Build.0 = Debug|Any CPU
		{6E8B858D-50D5-4A28-AB27-A2258D886006}.Debug|Any CPU.Deploy.0 = Debug|Any CPU
		{6E8B858D-50D5-4A28-AB27-A2258D886006}.Debug|ARM.ActiveCfg = Debug|Any CPU
		{6E8B858D-50D5-4A28-AB27-A2258D886006}.Debug|ARM.Build.0 = Debug|Any CPU
		{6E8B858D-50D5-4A28-AB27-A2258D886006}.Debug|ARM.Deploy.0 = Debug|Any CPU
		{6E8B858D-50D5-4A28-AB27-A2258D886006}.Debug|iPhone.ActiveCfg = Debug|Any CPU
		{6E8B858D-50D5-4A28-AB27-A2258D886006}.Debug|iPhone.Build.0 = Debug|Any CPU
		{6E8B858D-50D5-4A28-AB27-A2258D886006}.Debug|iPhone.Deploy.0 = Debug|Any CPU
		{6E8B858D-50D5-4A28-AB27-A2258D886006}.Debug|iPhoneSimulator.ActiveCfg = Debug|Any CPU
		{6E8B858D-50D5-4A28-AB27-A2258D886006}.Debug|iPhoneSimulator.Build.0 = Debug|Any CPU
		{6E8B858D-50D5-4A28-AB27-A2258D886006}.Debug|iPhoneSimulator.Deploy.0 = Debug|Any CPU
		{6E8B858D-50D5-4A28-AB27-A2258D886006}.Debug|x64.ActiveCfg = Debug|Any CPU
		{6E8B858D-50D5-4A28-AB27-A2258D886006}.Debug|x64.Build.0 = Debug|Any CPU
		{6E8B858D-50D5-4A28-AB27-A2258D886006}.Debug|x64.Deploy.0 = Debug|Any CPU
		{6E8B858D-50D5-4A28-AB27-A2258D886006}.Debug|x86.ActiveCfg = Debug|Any CPU
		{6E8B858D-50D5-4A28-AB27-A2258D886006}.Debug|x86.Build.0 = Debug|Any CPU
		{6E8B858D-50D5-4A28-AB27-A2258D886006}.Debug|x86.Deploy.0 = Debug|Any CPU
		{6E8B858D-50D5-4A28-AB27-A2258D886006}.Release|Any CPU.ActiveCfg = Release|Any CPU
		{6E8B858D-50D5-4A28-AB27-A2258D886006}.Release|Any CPU.Build.0 = Release|Any CPU
		{6E8B858D-50D5-4A28-AB27-A2258D886006}.Release|Any CPU.Deploy.0 = Release|Any CPU
		{6E8B858D-50D5-4A28-AB27-A2258D886006}.Release|ARM.ActiveCfg = Release|Any CPU
		{6E8B858D-50D5-4A28-AB27-A2258D886006}.Release|ARM.Build.0 = Release|Any CPU
		{6E8B858D-50D5-4A28-AB27-A2258D886006}.Release|ARM.Deploy.0 = Release|Any CPU
		{6E8B858D-50D5-4A28-AB27-A2258D886006}.Release|iPhone.ActiveCfg = Release|Any CPU
		{6E8B858D-50D5-4A28-AB27-A2258D886006}.Release|iPhone.Build.0 = Release|Any CPU
		{6E8B858D-50D5-4A28-AB27-A2258D886006}.Release|iPhone.Deploy.0 = Release|Any CPU
		{6E8B858D-50D5-4A28-AB27-A2258D886006}.Release|iPhoneSimulator.ActiveCfg = Release|Any CPU
		{6E8B858D-50D5-4A28-AB27-A2258D886006}.Release|iPhoneSimulator.Build.0 = Release|Any CPU
		{6E8B858D-50D5-4A28-AB27-A2258D886006}.Release|iPhoneSimulator.Deploy.0 = Release|Any CPU
		{6E8B858D-50D5-4A28-AB27-A2258D886006}.Release|x64.ActiveCfg = Release|Any CPU
		{6E8B858D-50D5-4A28-AB27-A2258D886006}.Release|x64.Build.0 = Release|Any CPU
		{6E8B858D-50D5-4A28-AB27-A2258D886006}.Release|x64.Deploy.0 = Release|Any CPU
		{6E8B858D-50D5-4A28-AB27-A2258D886006}.Release|x86.ActiveCfg = Release|Any CPU
		{6E8B858D-50D5-4A28-AB27-A2258D886006}.Release|x86.Build.0 = Release|Any CPU
		{6E8B858D-50D5-4A28-AB27-A2258D886006}.Release|x86.Deploy.0 = Release|Any CPU
		{D5A87CD0-4728-4DF9-BF2B-970B3312CB9D}.Debug|Any CPU.ActiveCfg = Debug|Any CPU
		{D5A87CD0-4728-4DF9-BF2B-970B3312CB9D}.Debug|Any CPU.Build.0 = Debug|Any CPU
		{D5A87CD0-4728-4DF9-BF2B-970B3312CB9D}.Debug|ARM.ActiveCfg = Debug|Any CPU
		{D5A87CD0-4728-4DF9-BF2B-970B3312CB9D}.Debug|ARM.Build.0 = Debug|Any CPU
		{D5A87CD0-4728-4DF9-BF2B-970B3312CB9D}.Debug|iPhone.ActiveCfg = Debug|Any CPU
		{D5A87CD0-4728-4DF9-BF2B-970B3312CB9D}.Debug|iPhone.Build.0 = Debug|Any CPU
		{D5A87CD0-4728-4DF9-BF2B-970B3312CB9D}.Debug|iPhoneSimulator.ActiveCfg = Debug|Any CPU
		{D5A87CD0-4728-4DF9-BF2B-970B3312CB9D}.Debug|iPhoneSimulator.Build.0 = Debug|Any CPU
		{D5A87CD0-4728-4DF9-BF2B-970B3312CB9D}.Debug|x64.ActiveCfg = Debug|Any CPU
		{D5A87CD0-4728-4DF9-BF2B-970B3312CB9D}.Debug|x64.Build.0 = Debug|Any CPU
		{D5A87CD0-4728-4DF9-BF2B-970B3312CB9D}.Debug|x86.ActiveCfg = Debug|Any CPU
		{D5A87CD0-4728-4DF9-BF2B-970B3312CB9D}.Debug|x86.Build.0 = Debug|Any CPU
		{D5A87CD0-4728-4DF9-BF2B-970B3312CB9D}.Release|Any CPU.ActiveCfg = Release|Any CPU
		{D5A87CD0-4728-4DF9-BF2B-970B3312CB9D}.Release|Any CPU.Build.0 = Release|Any CPU
		{D5A87CD0-4728-4DF9-BF2B-970B3312CB9D}.Release|ARM.ActiveCfg = Release|Any CPU
		{D5A87CD0-4728-4DF9-BF2B-970B3312CB9D}.Release|ARM.Build.0 = Release|Any CPU
		{D5A87CD0-4728-4DF9-BF2B-970B3312CB9D}.Release|iPhone.ActiveCfg = Release|Any CPU
		{D5A87CD0-4728-4DF9-BF2B-970B3312CB9D}.Release|iPhone.Build.0 = Release|Any CPU
		{D5A87CD0-4728-4DF9-BF2B-970B3312CB9D}.Release|iPhoneSimulator.ActiveCfg = Release|Any CPU
		{D5A87CD0-4728-4DF9-BF2B-970B3312CB9D}.Release|iPhoneSimulator.Build.0 = Release|Any CPU
		{D5A87CD0-4728-4DF9-BF2B-970B3312CB9D}.Release|x64.ActiveCfg = Release|Any CPU
		{D5A87CD0-4728-4DF9-BF2B-970B3312CB9D}.Release|x64.Build.0 = Release|Any CPU
		{D5A87CD0-4728-4DF9-BF2B-970B3312CB9D}.Release|x86.ActiveCfg = Release|Any CPU
		{D5A87CD0-4728-4DF9-BF2B-970B3312CB9D}.Release|x86.Build.0 = Release|Any CPU
		{4AF2D5C2-0AD3-49D3-881E-5BC7FA004E09}.Debug|Any CPU.ActiveCfg = Debug|Any CPU
		{4AF2D5C2-0AD3-49D3-881E-5BC7FA004E09}.Debug|Any CPU.Build.0 = Debug|Any CPU
		{4AF2D5C2-0AD3-49D3-881E-5BC7FA004E09}.Debug|ARM.ActiveCfg = Debug|Any CPU
		{4AF2D5C2-0AD3-49D3-881E-5BC7FA004E09}.Debug|ARM.Build.0 = Debug|Any CPU
		{4AF2D5C2-0AD3-49D3-881E-5BC7FA004E09}.Debug|iPhone.ActiveCfg = Debug|Any CPU
		{4AF2D5C2-0AD3-49D3-881E-5BC7FA004E09}.Debug|iPhone.Build.0 = Debug|Any CPU
		{4AF2D5C2-0AD3-49D3-881E-5BC7FA004E09}.Debug|iPhoneSimulator.ActiveCfg = Debug|Any CPU
		{4AF2D5C2-0AD3-49D3-881E-5BC7FA004E09}.Debug|iPhoneSimulator.Build.0 = Debug|Any CPU
		{4AF2D5C2-0AD3-49D3-881E-5BC7FA004E09}.Debug|x64.ActiveCfg = Debug|Any CPU
		{4AF2D5C2-0AD3-49D3-881E-5BC7FA004E09}.Debug|x64.Build.0 = Debug|Any CPU
		{4AF2D5C2-0AD3-49D3-881E-5BC7FA004E09}.Debug|x86.ActiveCfg = Debug|Any CPU
		{4AF2D5C2-0AD3-49D3-881E-5BC7FA004E09}.Debug|x86.Build.0 = Debug|Any CPU
		{4AF2D5C2-0AD3-49D3-881E-5BC7FA004E09}.Release|Any CPU.ActiveCfg = Release|Any CPU
		{4AF2D5C2-0AD3-49D3-881E-5BC7FA004E09}.Release|Any CPU.Build.0 = Release|Any CPU
		{4AF2D5C2-0AD3-49D3-881E-5BC7FA004E09}.Release|ARM.ActiveCfg = Release|Any CPU
		{4AF2D5C2-0AD3-49D3-881E-5BC7FA004E09}.Release|ARM.Build.0 = Release|Any CPU
		{4AF2D5C2-0AD3-49D3-881E-5BC7FA004E09}.Release|iPhone.ActiveCfg = Release|Any CPU
		{4AF2D5C2-0AD3-49D3-881E-5BC7FA004E09}.Release|iPhone.Build.0 = Release|Any CPU
		{4AF2D5C2-0AD3-49D3-881E-5BC7FA004E09}.Release|iPhoneSimulator.ActiveCfg = Release|Any CPU
		{4AF2D5C2-0AD3-49D3-881E-5BC7FA004E09}.Release|iPhoneSimulator.Build.0 = Release|Any CPU
		{4AF2D5C2-0AD3-49D3-881E-5BC7FA004E09}.Release|x64.ActiveCfg = Release|Any CPU
		{4AF2D5C2-0AD3-49D3-881E-5BC7FA004E09}.Release|x64.Build.0 = Release|Any CPU
		{4AF2D5C2-0AD3-49D3-881E-5BC7FA004E09}.Release|x86.ActiveCfg = Release|Any CPU
		{4AF2D5C2-0AD3-49D3-881E-5BC7FA004E09}.Release|x86.Build.0 = Release|Any CPU
		{DC1ED725-EEE0-41DA-B8F1-67B3F8EB493C}.Debug|Any CPU.ActiveCfg = Debug|Any CPU
		{DC1ED725-EEE0-41DA-B8F1-67B3F8EB493C}.Debug|Any CPU.Build.0 = Debug|Any CPU
		{DC1ED725-EEE0-41DA-B8F1-67B3F8EB493C}.Debug|ARM.ActiveCfg = Debug|Any CPU
		{DC1ED725-EEE0-41DA-B8F1-67B3F8EB493C}.Debug|ARM.Build.0 = Debug|Any CPU
		{DC1ED725-EEE0-41DA-B8F1-67B3F8EB493C}.Debug|iPhone.ActiveCfg = Debug|Any CPU
		{DC1ED725-EEE0-41DA-B8F1-67B3F8EB493C}.Debug|iPhone.Build.0 = Debug|Any CPU
		{DC1ED725-EEE0-41DA-B8F1-67B3F8EB493C}.Debug|iPhoneSimulator.ActiveCfg = Debug|Any CPU
		{DC1ED725-EEE0-41DA-B8F1-67B3F8EB493C}.Debug|iPhoneSimulator.Build.0 = Debug|Any CPU
		{DC1ED725-EEE0-41DA-B8F1-67B3F8EB493C}.Debug|x64.ActiveCfg = Debug|Any CPU
		{DC1ED725-EEE0-41DA-B8F1-67B3F8EB493C}.Debug|x64.Build.0 = Debug|Any CPU
		{DC1ED725-EEE0-41DA-B8F1-67B3F8EB493C}.Debug|x86.ActiveCfg = Debug|Any CPU
		{DC1ED725-EEE0-41DA-B8F1-67B3F8EB493C}.Debug|x86.Build.0 = Debug|Any CPU
		{DC1ED725-EEE0-41DA-B8F1-67B3F8EB493C}.Release|Any CPU.ActiveCfg = Release|Any CPU
		{DC1ED725-EEE0-41DA-B8F1-67B3F8EB493C}.Release|Any CPU.Build.0 = Release|Any CPU
		{DC1ED725-EEE0-41DA-B8F1-67B3F8EB493C}.Release|ARM.ActiveCfg = Release|Any CPU
		{DC1ED725-EEE0-41DA-B8F1-67B3F8EB493C}.Release|ARM.Build.0 = Release|Any CPU
		{DC1ED725-EEE0-41DA-B8F1-67B3F8EB493C}.Release|iPhone.ActiveCfg = Release|Any CPU
		{DC1ED725-EEE0-41DA-B8F1-67B3F8EB493C}.Release|iPhone.Build.0 = Release|Any CPU
		{DC1ED725-EEE0-41DA-B8F1-67B3F8EB493C}.Release|iPhoneSimulator.ActiveCfg = Release|Any CPU
		{DC1ED725-EEE0-41DA-B8F1-67B3F8EB493C}.Release|iPhoneSimulator.Build.0 = Release|Any CPU
		{DC1ED725-EEE0-41DA-B8F1-67B3F8EB493C}.Release|x64.ActiveCfg = Release|Any CPU
		{DC1ED725-EEE0-41DA-B8F1-67B3F8EB493C}.Release|x64.Build.0 = Release|Any CPU
		{DC1ED725-EEE0-41DA-B8F1-67B3F8EB493C}.Release|x86.ActiveCfg = Release|Any CPU
		{DC1ED725-EEE0-41DA-B8F1-67B3F8EB493C}.Release|x86.Build.0 = Release|Any CPU
	EndGlobalSection
	GlobalSection(SolutionProperties) = preSolution
		HideSolutionNode = FALSE
	EndGlobalSection
	GlobalSection(ExtensibilityGlobals) = postSolution
		SolutionGuid = {DB1E6A9D-3CBD-43C9-996D-29C929122ABD}
	EndGlobalSection
EndGlobal
